Microsoft Visual Studio Solution File, Format Version 12.00
# Visual Studio Version 17
VisualStudioVersion = 17.5.2.0
MinimumVisualStudioVersion = 10.0.40219.1
Project("{FAE04EC0-301F-11D3-BF4B-00C04F79EFBC}") = "5KirjastoRyhmatehtava", "5KirjastoRyhmatehtava.csproj", "{4E23F51D-0439-43BE-ABE9-F0C735459F97}"
EndProject
Global
	GlobalSection(SolutionConfigurationPlatforms) = preSolution
		Debug|Any CPU = Debug|Any CPU
		Release|Any CPU = Release|Any CPU
	EndGlobalSection
	GlobalSection(ProjectConfigurationPlatforms) = postSolution
		{4E23F51D-0439-43BE-ABE9-F0C735459F97}.Debug|Any CPU.ActiveCfg = Debug|Any CPU
		{4E23F51D-0439-43BE-ABE9-F0C735459F97}.Debug|Any CPU.Build.0 = Debug|Any CPU
		{4E23F51D-0439-43BE-ABE9-F0C735459F97}.Release|Any CPU.ActiveCfg = Release|Any CPU
		{4E23F51D-0439-43BE-ABE9-F0C735459F97}.Release|Any CPU.Build.0 = Release|Any CPU
	EndGlobalSection
	GlobalSection(SolutionProperties) = preSolution
		HideSolutionNode = FALSE
	EndGlobalSection
	GlobalSection(ExtensibilityGlobals) = postSolution
		SolutionGuid = {166695B5-83DF-46F9-B2D9-FE9D9D28DEEC}
	EndGlobalSection
EndGlobal
